
Microsoft Visual Studio Solution File, Format Version 12.00
# Visual Studio 15
VisualStudioVersion = 15.0.26430.15
MinimumVisualStudioVersion = 10.0.40219.1
Project("{FAE04EC0-301F-11D3-BF4B-00C04F79EFBC}") = "StockTicker", "StockTicker\StockTicker.csproj", "{00E7D9D4-D8E8-4384-8C34-D18B82341250}"
EndProject
Global
	GlobalSection(SolutionConfigurationPlatforms) = preSolution
		Debug|Any CPU = Debug|Any CPU
		Release|Any CPU = Release|Any CPU
	EndGlobalSection
	GlobalSection(ProjectConfigurationPlatforms) = postSolution
		{00E7D9D4-D8E8-4384-8C34-D18B82341250}.Debug|Any CPU.ActiveCfg = Debug|Any CPU
		{00E7D9D4-D8E8-4384-8C34-D18B82341250}.Debug|Any CPU.Build.0 = Debug|Any CPU
		{00E7D9D4-D8E8-4384-8C34-D18B82341250}.Release|Any CPU.ActiveCfg = Release|Any CPU
		{00E7D9D4-D8E8-4384-8C34-D18B82341250}.Release|Any CPU.Build.0 = Release|Any CPU
	EndGlobalSection
	GlobalSection(SolutionProperties) = preSolution
		HideSolutionNode = FALSE
	EndGlobalSection
EndGlobal
